
Microsoft Visual Studio Solution File, Format Version 12.00
# Visual Studio Version 17
VisualStudioVersion = 17.5.33530.505
MinimumVisualStudioVersion = 10.0.40219.1
Project("{FAE04EC0-301F-11D3-BF4B-00C04F79EFBC}") = "FirstWebApp", "FirstWebApp\FirstWebApp.csproj", "{716A76A4-BEF0-4FA1-AE3A-8BB54D457C24}"
EndProject
Global
	GlobalSection(SolutionConfigurationPlatforms) = preSolution
		Debug|Any CPU = Debug|Any CPU
		Release|Any CPU = Release|Any CPU
	EndGlobalSection
	GlobalSection(ProjectConfigurationPlatforms) = postSolution
		{716A76A4-BEF0-4FA1-AE3A-8BB54D457C24}.Debug|Any CPU.ActiveCfg = Debug|Any CPU
		{716A76A4-BEF0-4FA1-AE3A-8BB54D457C24}.Debug|Any CPU.Build.0 = Debug|Any CPU
		{716A76A4-BEF0-4FA1-AE3A-8BB54D457C24}.Release|Any CPU.ActiveCfg = Release|Any CPU
		{716A76A4-BEF0-4FA1-AE3A-8BB54D457C24}.Release|Any CPU.Build.0 = Release|Any CPU
	EndGlobalSection
	GlobalSection(SolutionProperties) = preSolution
		HideSolutionNode = FALSE
	EndGlobalSection
	GlobalSection(ExtensibilityGlobals) = postSolution
		SolutionGuid = {FDA1A896-9805-45D2-9E35-0470D8E26595}
	EndGlobalSection
EndGlobal
